
Microsoft Visual Studio Solution File, Format Version 11.00
# Visual Studio 2010
Project("{FAE04EC0-301F-11D3-BF4B-00C04F79EFBC}") = "FindLanguage", "FindLanguage\FindLanguage.csproj", "{BE2210A8-83F1-4DA6-9328-81DC1482D7AC}"
EndProject
Global
	GlobalSection(SolutionConfigurationPlatforms) = preSolution
		Debug|x86 = Debug|x86
		Release|x86 = Release|x86
	EndGlobalSection
	GlobalSection(ProjectConfigurationPlatforms) = postSolution
		{BE2210A8-83F1-4DA6-9328-81DC1482D7AC}.Debug|x86.ActiveCfg = Debug|x86
		{BE2210A8-83F1-4DA6-9328-81DC1482D7AC}.Debug|x86.Build.0 = Debug|x86
		{BE2210A8-83F1-4DA6-9328-81DC1482D7AC}.Release|x86.ActiveCfg = Release|x86
		{BE2210A8-83F1-4DA6-9328-81DC1482D7AC}.Release|x86.Build.0 = Release|x86
	EndGlobalSection
	GlobalSection(SolutionProperties) = preSolution
		HideSolutionNode = FALSE
	EndGlobalSection
EndGlobal
